
Microsoft Visual Studio Solution File, Format Version 12.00
# Visual Studio Version 16
VisualStudioVersion = 16.0.31229.75
MinimumVisualStudioVersion = 10.0.40219.1
Project("{FAE04EC0-301F-11D3-BF4B-00C04F79EFBC}") = "Learning_Task", "Learning_Task.csproj", "{77042FBB-A5E0-41D1-8296-05A9A40D59EA}"
EndProject
Project("{FAE04EC0-301F-11D3-BF4B-00C04F79EFBC}") = "Learning_Task_Test", "..\Test_Task\Learning_Task_Test.csproj", "{FDAEC5AE-6BB2-4A01-A5AE-65D91C91AEA8}"
EndProject
Global
	GlobalSection(SolutionConfigurationPlatforms) = preSolution
		Debug|Any CPU = Debug|Any CPU
		Release|Any CPU = Release|Any CPU
	EndGlobalSection
	GlobalSection(ProjectConfigurationPlatforms) = postSolution
		{77042FBB-A5E0-41D1-8296-05A9A40D59EA}.Debug|Any CPU.ActiveCfg = Debug|Any CPU
		{77042FBB-A5E0-41D1-8296-05A9A40D59EA}.Debug|Any CPU.Build.0 = Debug|Any CPU
		{77042FBB-A5E0-41D1-8296-05A9A40D59EA}.Release|Any CPU.ActiveCfg = Release|Any CPU
		{77042FBB-A5E0-41D1-8296-05A9A40D59EA}.Release|Any CPU.Build.0 = Release|Any CPU
		{FDAEC5AE-6BB2-4A01-A5AE-65D91C91AEA8}.Debug|Any CPU.ActiveCfg = Debug|Any CPU
		{FDAEC5AE-6BB2-4A01-A5AE-65D91C91AEA8}.Debug|Any CPU.Build.0 = Debug|Any CPU
		{FDAEC5AE-6BB2-4A01-A5AE-65D91C91AEA8}.Release|Any CPU.ActiveCfg = Release|Any CPU
		{FDAEC5AE-6BB2-4A01-A5AE-65D91C91AEA8}.Release|Any CPU.Build.0 = Release|Any CPU
	EndGlobalSection
	GlobalSection(SolutionProperties) = preSolution
		HideSolutionNode = FALSE
	EndGlobalSection
	GlobalSection(ExtensibilityGlobals) = postSolution
		SolutionGuid = {85C62EA9-0BFB-41CF-BEEE-8E63C61ACF0F}
	EndGlobalSection
EndGlobal
