
Microsoft Visual Studio Solution File, Format Version 12.00
# Visual Studio Version 16
VisualStudioVersion = 16.0.29230.47
MinimumVisualStudioVersion = 10.0.40219.1
Project("{FAE04EC0-301F-11D3-BF4B-00C04F79EFBC}") = "StockMatrix", "StockMatrix.csproj", "{C5EC00C3-6D3D-40BE-82AE-4F528EB71582}"
EndProject
Global
	GlobalSection(SolutionConfigurationPlatforms) = preSolution
		Debug|Any CPU = Debug|Any CPU
		Release|Any CPU = Release|Any CPU
	EndGlobalSection
	GlobalSection(ProjectConfigurationPlatforms) = postSolution
		{C5EC00C3-6D3D-40BE-82AE-4F528EB71582}.Debug|Any CPU.ActiveCfg = Debug|Any CPU
		{C5EC00C3-6D3D-40BE-82AE-4F528EB71582}.Debug|Any CPU.Build.0 = Debug|Any CPU
		{C5EC00C3-6D3D-40BE-82AE-4F528EB71582}.Release|Any CPU.ActiveCfg = Release|Any CPU
		{C5EC00C3-6D3D-40BE-82AE-4F528EB71582}.Release|Any CPU.Build.0 = Release|Any CPU
	EndGlobalSection
	GlobalSection(SolutionProperties) = preSolution
		HideSolutionNode = FALSE
	EndGlobalSection
	GlobalSection(ExtensibilityGlobals) = postSolution
		SolutionGuid = {9EC28398-BF14-4C2B-A0A1-2FAF885520A6}
	EndGlobalSection
EndGlobal
