
Microsoft Visual Studio Solution File, Format Version 12.00
# Visual Studio 15
VisualStudioVersion = 15.0.28307.1831
MinimumVisualStudioVersion = 10.0.40219.1
Project("{FAE04EC0-301F-11D3-BF4B-00C04F79EFBC}") = "AddCalculator", "AddCalculator\AddCalculator.csproj", "{5F39C0A5-E87C-463A-93DA-4507D7C46FE1}"
EndProject
Global
	GlobalSection(SolutionConfigurationPlatforms) = preSolution
		Debug|Any CPU = Debug|Any CPU
		Release|Any CPU = Release|Any CPU
	EndGlobalSection
	GlobalSection(ProjectConfigurationPlatforms) = postSolution
		{5F39C0A5-E87C-463A-93DA-4507D7C46FE1}.Debug|Any CPU.ActiveCfg = Debug|Any CPU
		{5F39C0A5-E87C-463A-93DA-4507D7C46FE1}.Debug|Any CPU.Build.0 = Debug|Any CPU
		{5F39C0A5-E87C-463A-93DA-4507D7C46FE1}.Release|Any CPU.ActiveCfg = Release|Any CPU
		{5F39C0A5-E87C-463A-93DA-4507D7C46FE1}.Release|Any CPU.Build.0 = Release|Any CPU
	EndGlobalSection
	GlobalSection(SolutionProperties) = preSolution
		HideSolutionNode = FALSE
	EndGlobalSection
	GlobalSection(ExtensibilityGlobals) = postSolution
		SolutionGuid = {1D2A2C67-88B8-426E-9043-55F3CB8B4B0B}
	EndGlobalSection
EndGlobal
