
Microsoft Visual Studio Solution File, Format Version 12.00
# Visual Studio Version 16
VisualStudioVersion = 16.0.31205.134
MinimumVisualStudioVersion = 10.0.40219.1
Project("{9A19103F-16F7-4668-BE54-9A1E7A4F7556}") = "HelloService", "HelloService.csproj", "{87F45822-46B6-442D-9627-9BFC92858269}"
EndProject
Project("{FAE04EC0-301F-11D3-BF4B-00C04F79EFBC}") = "HelloServiceHostConsole", "..\HelloServiceHostConsole\HelloServiceHostConsole.csproj", "{775965F9-89B7-4E36-BC7C-14BC7EEA4FBF}"
EndProject
Global
	GlobalSection(SolutionConfigurationPlatforms) = preSolution
		Debug|Any CPU = Debug|Any CPU
		Release|Any CPU = Release|Any CPU
	EndGlobalSection
	GlobalSection(ProjectConfigurationPlatforms) = postSolution
		{87F45822-46B6-442D-9627-9BFC92858269}.Debug|Any CPU.ActiveCfg = Debug|Any CPU
		{87F45822-46B6-442D-9627-9BFC92858269}.Debug|Any CPU.Build.0 = Debug|Any CPU
		{87F45822-46B6-442D-9627-9BFC92858269}.Release|Any CPU.ActiveCfg = Release|Any CPU
		{87F45822-46B6-442D-9627-9BFC92858269}.Release|Any CPU.Build.0 = Release|Any CPU
		{775965F9-89B7-4E36-BC7C-14BC7EEA4FBF}.Debug|Any CPU.ActiveCfg = Debug|Any CPU
		{775965F9-89B7-4E36-BC7C-14BC7EEA4FBF}.Debug|Any CPU.Build.0 = Debug|Any CPU
		{775965F9-89B7-4E36-BC7C-14BC7EEA4FBF}.Release|Any CPU.ActiveCfg = Release|Any CPU
		{775965F9-89B7-4E36-BC7C-14BC7EEA4FBF}.Release|Any CPU.Build.0 = Release|Any CPU
	EndGlobalSection
	GlobalSection(SolutionProperties) = preSolution
		HideSolutionNode = FALSE
	EndGlobalSection
	GlobalSection(ExtensibilityGlobals) = postSolution
		SolutionGuid = {B5A6AB04-2EB7-4174-AB45-6A4F82F29E29}
	EndGlobalSection
EndGlobal
