
Microsoft Visual Studio Solution File, Format Version 12.00
# Visual Studio 15
VisualStudioVersion = 15.0.27703.1
MinimumVisualStudioVersion = 10.0.40219.1
Project("{FAE04EC0-301F-11D3-BF4B-00C04F79EFBC}") = "ArtistJournal", "ArtistJournal\ArtistJournal.csproj", "{C968CBDE-7F36-40B4-A753-6D5E5F9CB84A}"
EndProject
Global
	GlobalSection(SolutionConfigurationPlatforms) = preSolution
		Debug|Any CPU = Debug|Any CPU
		Release|Any CPU = Release|Any CPU
	EndGlobalSection
	GlobalSection(ProjectConfigurationPlatforms) = postSolution
		{C968CBDE-7F36-40B4-A753-6D5E5F9CB84A}.Debug|Any CPU.ActiveCfg = Debug|Any CPU
		{C968CBDE-7F36-40B4-A753-6D5E5F9CB84A}.Debug|Any CPU.Build.0 = Debug|Any CPU
		{C968CBDE-7F36-40B4-A753-6D5E5F9CB84A}.Release|Any CPU.ActiveCfg = Release|Any CPU
		{C968CBDE-7F36-40B4-A753-6D5E5F9CB84A}.Release|Any CPU.Build.0 = Release|Any CPU
	EndGlobalSection
	GlobalSection(SolutionProperties) = preSolution
		HideSolutionNode = FALSE
	EndGlobalSection
	GlobalSection(ExtensibilityGlobals) = postSolution
		SolutionGuid = {E42EFCC2-A079-42D3-80F3-188365460FB8}
	EndGlobalSection
EndGlobal
