
Microsoft Visual Studio Solution File, Format Version 12.00
# Visual Studio Version 16
VisualStudioVersion = 16.0.31105.61
MinimumVisualStudioVersion = 10.0.40219.1
Project("{FAE04EC0-301F-11D3-BF4B-00C04F79EFBC}") = "DependencyProp", "DependencyProp.csproj", "{4C5ACFD1-7C84-4918-AFFE-A8DD346091C1}"
EndProject
Global
	GlobalSection(SolutionConfigurationPlatforms) = preSolution
		Debug|Any CPU = Debug|Any CPU
		Release|Any CPU = Release|Any CPU
	EndGlobalSection
	GlobalSection(ProjectConfigurationPlatforms) = postSolution
		{4C5ACFD1-7C84-4918-AFFE-A8DD346091C1}.Debug|Any CPU.ActiveCfg = Debug|Any CPU
		{4C5ACFD1-7C84-4918-AFFE-A8DD346091C1}.Debug|Any CPU.Build.0 = Debug|Any CPU
		{4C5ACFD1-7C84-4918-AFFE-A8DD346091C1}.Release|Any CPU.ActiveCfg = Release|Any CPU
		{4C5ACFD1-7C84-4918-AFFE-A8DD346091C1}.Release|Any CPU.Build.0 = Release|Any CPU
	EndGlobalSection
	GlobalSection(SolutionProperties) = preSolution
		HideSolutionNode = FALSE
	EndGlobalSection
	GlobalSection(ExtensibilityGlobals) = postSolution
		SolutionGuid = {1A887C81-42BF-4451-98DF-A6F7216D9764}
	EndGlobalSection
EndGlobal
