
Microsoft Visual Studio Solution File, Format Version 12.00
# Visual Studio Version 17
VisualStudioVersion = 17.4.33213.308
MinimumVisualStudioVersion = 10.0.40219.1
Project("{FAE04EC0-301F-11D3-BF4B-00C04F79EFBC}") = "ASP_ASAP", "ASP_ASAP\ASP_ASAP.csproj", "{422864C8-2015-47D5-B097-723B028A7F58}"
EndProject
Project("{FAE04EC0-301F-11D3-BF4B-00C04F79EFBC}") = "ASP.NETConsole", "ASP.NETConsole\ASP.NETConsole.csproj", "{E5DBC792-88D7-4147-B7EB-01233C0E695E}"
EndProject
Project("{FAE04EC0-301F-11D3-BF4B-00C04F79EFBC}") = "MiddlewareLuchSettingsAddMVCContainers", "Sratch\MiddlewareLuchSettingsAddMVCContainers.csproj", "{C1EED4A9-7A3B-4B4E-B854-49EE4234AA8A}"
EndProject
Global
	GlobalSection(SolutionConfigurationPlatforms) = preSolution
		Debug|Any CPU = Debug|Any CPU
		Release|Any CPU = Release|Any CPU
	EndGlobalSection
	GlobalSection(ProjectConfigurationPlatforms) = postSolution
		{422864C8-2015-47D5-B097-723B028A7F58}.Debug|Any CPU.ActiveCfg = Debug|Any CPU
		{422864C8-2015-47D5-B097-723B028A7F58}.Debug|Any CPU.Build.0 = Debug|Any CPU
		{422864C8-2015-47D5-B097-723B028A7F58}.Release|Any CPU.ActiveCfg = Release|Any CPU
		{422864C8-2015-47D5-B097-723B028A7F58}.Release|Any CPU.Build.0 = Release|Any CPU
		{E5DBC792-88D7-4147-B7EB-01233C0E695E}.Debug|Any CPU.ActiveCfg = Debug|Any CPU
		{E5DBC792-88D7-4147-B7EB-01233C0E695E}.Debug|Any CPU.Build.0 = Debug|Any CPU
		{E5DBC792-88D7-4147-B7EB-01233C0E695E}.Release|Any CPU.ActiveCfg = Release|Any CPU
		{E5DBC792-88D7-4147-B7EB-01233C0E695E}.Release|Any CPU.Build.0 = Release|Any CPU
		{C1EED4A9-7A3B-4B4E-B854-49EE4234AA8A}.Debug|Any CPU.ActiveCfg = Debug|Any CPU
		{C1EED4A9-7A3B-4B4E-B854-49EE4234AA8A}.Debug|Any CPU.Build.0 = Debug|Any CPU
		{C1EED4A9-7A3B-4B4E-B854-49EE4234AA8A}.Release|Any CPU.ActiveCfg = Release|Any CPU
		{C1EED4A9-7A3B-4B4E-B854-49EE4234AA8A}.Release|Any CPU.Build.0 = Release|Any CPU
	EndGlobalSection
	GlobalSection(SolutionProperties) = preSolution
		HideSolutionNode = FALSE
	EndGlobalSection
	GlobalSection(ExtensibilityGlobals) = postSolution
		SolutionGuid = {A70EE0FB-0442-4BE9-AF9E-4A56C2C2F769}
	EndGlobalSection
EndGlobal
