
Microsoft Visual Studio Solution File, Format Version 12.00
# Visual Studio Version 17
VisualStudioVersion = 17.4.33213.308
MinimumVisualStudioVersion = 10.0.40219.1
Project("{9A19103F-16F7-4668-BE54-9A1E7A4F7556}") = "MyWebApp", "MyWebApp.csproj", "{BAF1AEE0-BC59-4D52-9C22-98EB6C220399}"
EndProject
Project("{FAE04EC0-301F-11D3-BF4B-00C04F79EFBC}") = "ContosoCrafts", "..\ContosoCrafts\ContosoCrafts.csproj", "{CDB28118-8CF7-4A82-93BE-44BA10A061F1}"
EndProject
Global
	GlobalSection(SolutionConfigurationPlatforms) = preSolution
		Debug|Any CPU = Debug|Any CPU
		Release|Any CPU = Release|Any CPU
	EndGlobalSection
	GlobalSection(ProjectConfigurationPlatforms) = postSolution
		{BAF1AEE0-BC59-4D52-9C22-98EB6C220399}.Debug|Any CPU.ActiveCfg = Debug|Any CPU
		{BAF1AEE0-BC59-4D52-9C22-98EB6C220399}.Debug|Any CPU.Build.0 = Debug|Any CPU
		{BAF1AEE0-BC59-4D52-9C22-98EB6C220399}.Release|Any CPU.ActiveCfg = Release|Any CPU
		{BAF1AEE0-BC59-4D52-9C22-98EB6C220399}.Release|Any CPU.Build.0 = Release|Any CPU
		{CDB28118-8CF7-4A82-93BE-44BA10A061F1}.Debug|Any CPU.ActiveCfg = Debug|Any CPU
		{CDB28118-8CF7-4A82-93BE-44BA10A061F1}.Debug|Any CPU.Build.0 = Debug|Any CPU
		{CDB28118-8CF7-4A82-93BE-44BA10A061F1}.Release|Any CPU.ActiveCfg = Release|Any CPU
		{CDB28118-8CF7-4A82-93BE-44BA10A061F1}.Release|Any CPU.Build.0 = Release|Any CPU
	EndGlobalSection
	GlobalSection(SolutionProperties) = preSolution
		HideSolutionNode = FALSE
	EndGlobalSection
	GlobalSection(ExtensibilityGlobals) = postSolution
		SolutionGuid = {377547DE-3881-4994-975C-AB5570952F47}
	EndGlobalSection
EndGlobal
