
Microsoft Visual Studio Solution File, Format Version 11.00
# Visual Studio 2010
Project("{FAE04EC0-301F-11D3-BF4B-00C04F79EFBC}") = "CustomCaret", "CustomCaret\CustomCaret.csproj", "{D38FF7D3-0936-400D-A8B8-080E5149DE76}"
EndProject
Global
	GlobalSection(SolutionConfigurationPlatforms) = preSolution
		Debug|Any CPU = Debug|Any CPU
		Release|Any CPU = Release|Any CPU
	EndGlobalSection
	GlobalSection(ProjectConfigurationPlatforms) = postSolution
		{D38FF7D3-0936-400D-A8B8-080E5149DE76}.Debug|Any CPU.ActiveCfg = Debug|Any CPU
		{D38FF7D3-0936-400D-A8B8-080E5149DE76}.Debug|Any CPU.Build.0 = Debug|Any CPU
		{D38FF7D3-0936-400D-A8B8-080E5149DE76}.Release|Any CPU.ActiveCfg = Release|Any CPU
		{D38FF7D3-0936-400D-A8B8-080E5149DE76}.Release|Any CPU.Build.0 = Release|Any CPU
	EndGlobalSection
	GlobalSection(SolutionProperties) = preSolution
		HideSolutionNode = FALSE
	EndGlobalSection
EndGlobal
